// !$*UTF8*$!
{
	archiveVersion = 1;
	classes = {
	};
	objectVersion = 50;
	objects = {

/* Begin PBXBuildFile section */
		D34ACDEE23C492B90033E594 /* PomodoroViewModel.swift in Sources */ = {isa = PBXBuildFile; fileRef = D34ACDED23C492B90033E594 /* PomodoroViewModel.swift */; };
		D3DC684B23BE785700ED2C6A /* AppDelegate.swift in Sources */ = {isa = PBXBuildFile; fileRef = D3DC684A23BE785700ED2C6A /* AppDelegate.swift */; };
		D3DC684D23BE785700ED2C6A /* SceneDelegate.swift in Sources */ = {isa = PBXBuildFile; fileRef = D3DC684C23BE785700ED2C6A /* SceneDelegate.swift */; };
		D3DC684F23BE785700ED2C6A /* HomeViewController.swift in Sources */ = {isa = PBXBuildFile; fileRef = D3DC684E23BE785700ED2C6A /* HomeViewController.swift */; };
		D3DC685223BE785700ED2C6A /* Main.storyboard in Resources */ = {isa = PBXBuildFile; fileRef = D3DC685023BE785700ED2C6A /* Main.storyboard */; };
		D3DC685423BE785800ED2C6A /* Assets.xcassets in Resources */ = {isa = PBXBuildFile; fileRef = D3DC685323BE785800ED2C6A /* Assets.xcassets */; };
		D3DC685723BE785800ED2C6A /* LaunchScreen.storyboard in Resources */ = {isa = PBXBuildFile; fileRef = D3DC685523BE785800ED2C6A /* LaunchScreen.storyboard */; };
		D3DC685F23BE792700ED2C6A /* SettingsViewController.swift in Sources */ = {isa = PBXBuildFile; fileRef = D3DC685E23BE792700ED2C6A /* SettingsViewController.swift */; };
/* End PBXBuildFile section */

/* Begin PBXFileReference section */
		D34ACDED23C492B90033E594 /* PomodoroViewModel.swift */ = {isa = PBXFileReference; lastKnownFileType = sourcecode.swift; path = PomodoroViewModel.swift; sourceTree = "<group>"; };
		D3DC684723BE785700ED2C6A /* tomato.app */ = {isa = PBXFileReference; explicitFileType = wrapper.application; includeInIndex = 0; path = tomato.app; sourceTree = BUILT_PRODUCTS_DIR; };
		D3DC684A23BE785700ED2C6A /* AppDelegate.swift */ = {isa = PBXFileReference; lastKnownFileType = sourcecode.swift; path = AppDelegate.swift; sourceTree = "<group>"; };
		D3DC684C23BE785700ED2C6A /* SceneDelegate.swift */ = {isa = PBXFileReference; lastKnownFileType = sourcecode.swift; path = SceneDelegate.swift; sourceTree = "<group>"; };
		D3DC684E23BE785700ED2C6A /* HomeViewController.swift */ = {isa = PBXFileReference; lastKnownFileType = sourcecode.swift; path = HomeViewController.swift; sourceTree = "<group>"; };
		D3DC685123BE785700ED2C6A /* Base */ = {isa = PBXFileReference; lastKnownFileType = file.storyboard; name = Base; path = Base.lproj/Main.storyboard; sourceTree = "<group>"; };
		D3DC685323BE785800ED2C6A /* Assets.xcassets */ = {isa = PBXFileReference; lastKnownFileType = folder.assetcatalog; path = Assets.xcassets; sourceTree = "<group>"; };
		D3DC685623BE785800ED2C6A /* Base */ = {isa = PBXFileReference; lastKnownFileType = file.storyboard; name = Base; path = Base.lproj/LaunchScreen.storyboard; sourceTree = "<group>"; };
		D3DC685823BE785800ED2C6A /* Info.plist */ = {isa = PBXFileReference; lastKnownFileType = text.plist.xml; path = Info.plist; sourceTree = "<group>"; };
		D3DC685E23BE792700ED2C6A /* SettingsViewController.swift */ = {isa = PBXFileReference; lastKnownFileType = sourcecode.swift; path = SettingsViewController.swift; sourceTree = "<group>"; };
/* End PBXFileReference section */

/* Begin PBXFrameworksBuildPhase section */
		D3DC684423BE785700ED2C6A /* Frameworks */ = {
			isa = PBXFrameworksBuildPhase;
			buildActionMask = 2147483647;
			files = (
			);
			runOnlyForDeploymentPostprocessing = 0;
		};
/* End PBXFrameworksBuildPhase section */

/* Begin PBXGroup section */
		D3DC683E23BE785700ED2C6A = {
			isa = PBXGroup;
			children = (
				D3DC684923BE785700ED2C6A /* tomato */,
				D3DC684823BE785700ED2C6A /* Products */,
			);
			sourceTree = "<group>";
		};
		D3DC684823BE785700ED2C6A /* Products */ = {
			isa = PBXGroup;
			children = (
				D3DC684723BE785700ED2C6A /* tomato.app */,
			);
			name = Products;
			sourceTree = "<group>";
		};
		D3DC684923BE785700ED2C6A /* tomato */ = {
			isa = PBXGroup;
			children = (
				D3DC684A23BE785700ED2C6A /* AppDelegate.swift */,
				D3DC684C23BE785700ED2C6A /* SceneDelegate.swift */,
				D34ACDED23C492B90033E594 /* PomodoroViewModel.swift */,
				D3DC684E23BE785700ED2C6A /* HomeViewController.swift */,
				D3DC685E23BE792700ED2C6A /* SettingsViewController.swift */,
				D3DC685023BE785700ED2C6A /* Main.storyboard */,
				D3DC685323BE785800ED2C6A /* Assets.xcassets */,
				D3DC685523BE785800ED2C6A /* LaunchScreen.storyboard */,
				D3DC685823BE785800ED2C6A /* Info.plist */,
			);
			path = tomato;
			sourceTree = "<group>";
		};
/* End PBXGroup section */

/* Begin PBXNativeTarget section */
		D3DC684623BE785700ED2C6A /* tomato */ = {
			isa = PBXNativeTarget;
			buildConfigurationList = D3DC685B23BE785800ED2C6A /* Build configuration list for PBXNativeTarget "tomato" */;
			buildPhases = (
				D3DC684323BE785700ED2C6A /* Sources */,
				D3DC684423BE785700ED2C6A /* Frameworks */,
				D3DC684523BE785700ED2C6A /* Resources */,
			);
			buildRules = (
			);
			dependencies = (
			);
			name = tomato;
			productName = tomato;
			productReference = D3DC684723BE785700ED2C6A /* tomato.app */;
			productType = "com.apple.product-type.application";
		};
/* End PBXNativeTarget section */

/* Begin PBXProject section */
		D3DC683F23BE785700ED2C6A /* Project object */ = {
			isa = PBXProject;
			attributes = {
				LastSwiftUpdateCheck = 1130;
				LastUpgradeCheck = 1130;
				ORGANIZATIONNAME = "Shogun Systems";
				TargetAttributes = {
					D3DC684623BE785700ED2C6A = {
						CreatedOnToolsVersion = 11.3;
					};
				};
			};
			buildConfigurationList = D3DC684223BE785700ED2C6A /* Build configuration list for PBXProject "tomato" */;
			compatibilityVersion = "Xcode 9.3";
			developmentRegion = en;
			hasScannedForEncodings = 0;
			knownRegions = (
				en,
				Base,
			);
			mainGroup = D3DC683E23BE785700ED2C6A;
			productRefGroup = D3DC684823BE785700ED2C6A /* Products */;
			projectDirPath = "";
			projectRoot = "";
			targets = (
				D3DC684623BE785700ED2C6A /* tomato */,
			);
		};
/* End PBXProject section */

/* Begin PBXResourcesBuildPhase section */
		D3DC684523BE785700ED2C6A /* Resources */ = {
			isa = PBXResourcesBuildPhase;
			buildActionMask = 2147483647;
			files = (
				D3DC685723BE785800ED2C6A /* LaunchScreen.storyboard in Resources */,
				D3DC685423BE785800ED2C6A /* Assets.xcassets in Resources */,
				D3DC685223BE785700ED2C6A /* Main.storyboard in Resources */,
			);
			runOnlyForDeploymentPostprocessing = 0;
		};
/* End PBXResourcesBuildPhase section */

/* Begin PBXSourcesBuildPhase section */
		D3DC684323BE785700ED2C6A /* Sources */ = {
			isa = PBXSourcesBuildPhase;
			buildActionMask = 2147483647;
			files = (
				D34ACDEE23C492B90033E594 /* PomodoroViewModel.swift in Sources */,
				D3DC684F23BE785700ED2C6A /* HomeViewController.swift in Sources */,
				D3DC684B23BE785700ED2C6A /* AppDelegate.swift in Sources */,
				D3DC684D23BE785700ED2C6A /* SceneDelegate.swift in Sources */,
				D3DC685F23BE792700ED2C6A /* SettingsViewController.swift in Sources */,
			);
			runOnlyForDeploymentPostprocessing = 0;
		};
/* End PBXSourcesBuildPhase section */

/* Begin PBXVariantGroup section */
		D3DC685023BE785700ED2C6A /* Main.storyboard */ = {
			isa = PBXVariantGroup;
			children = (
				D3DC685123BE785700ED2C6A /* Base */,
			);
			name = Main.storyboard;
			sourceTree = "<group>";
		};
		D3DC685523BE785800ED2C6A /* LaunchScreen.storyboard */ = {
			isa = PBXVariantGroup;
			children = (
				D3DC685623BE785800ED2C6A /* Base */,
			);
			name = LaunchScreen.storyboard;
			sourceTree = "<group>";
		};
/* End PBXVariantGroup section */

/* Begin XCBuildConfiguration section */
		D3DC685923BE785800ED2C6A /* Debug */ = {
			isa = XCBuildConfiguration;
			buildSettings = {
				ALWAYS_SEARCH_USER_PATHS = NO;
				CLANG_ANALYZER_NONNULL = YES;
				CLANG_ANALYZER_NUMBER_OBJECT_CONVERSION = YES_AGGRESSIVE;
				CLANG_CXX_LANGUAGE_STANDARD = "gnu++14";
				CLANG_CXX_LIBRARY = "libc++";
				CLANG_ENABLE_MODULES = YES;
				CLANG_ENABLE_OBJC_ARC = YES;
				CLANG_ENABLE_OBJC_WEAK = YES;
				CLANG_WARN_BLOCK_CAPTURE_AUTORELEASING = YES;
				CLANG_WARN_BOOL_CONVERSION = YES;
				CLANG_WARN_COMMA = YES;
				CLANG_WARN_CONSTANT_CONVERSION = YES;
				CLANG_WARN_DEPRECATED_OBJC_IMPLEMENTATIONS = YES;
				CLANG_WARN_DIRECT_OBJC_ISA_USAGE = YES_ERROR;
				CLANG_WARN_DOCUMENTATION_COMMENTS = YES;
				CLANG_WARN_EMPTY_BODY = YES;
				CLANG_WARN_ENUM_CONVERSION = YES;
				CLANG_WARN_INFINITE_RECURSION = YES;
				CLANG_WARN_INT_CONVERSION = YES;
				CLANG_WARN_NON_LITERAL_NULL_CONVERSION = YES;
				CLANG_WARN_OBJC_IMPLICIT_RETAIN_SELF = YES;
				CLANG_WARN_OBJC_LITERAL_CONVERSION = YES;
				CLANG_WARN_OBJC_ROOT_CLASS = YES_ERROR;
				CLANG_WARN_RANGE_LOOP_ANALYSIS = YES;
				CLANG_WARN_STRICT_PROTOTYPES = YES;
				CLANG_WARN_SUSPICIOUS_MOVE = YES;
				CLANG_WARN_UNGUARDED_AVAILABILITY = YES_AGGRESSIVE;
				CLANG_WARN_UNREACHABLE_CODE = YES;
				CLANG_WARN__DUPLICATE_METHOD_MATCH = YES;
				COPY_PHASE_STRIP = NO;
				DEBUG_INFORMATION_FORMAT = dwarf;
				ENABLE_STRICT_OBJC_MSGSEND = YES;
				ENABLE_TESTABILITY = YES;
				GCC_C_LANGUAGE_STANDARD = gnu11;
				GCC_DYNAMIC_NO_PIC = NO;
				GCC_NO_COMMON_BLOCKS = YES;
				GCC_OPTIMIZATION_LEVEL = 0;
				GCC_PREPROCESSOR_DEFINITIONS = (
					"DEBUG=1",
					"$(inherited)",
				);
				GCC_WARN_64_TO_32_BIT_CONVERSION = YES;
				GCC_WARN_ABOUT_RETURN_TYPE = YES_ERROR;
				GCC_WARN_UNDECLARED_SELECTOR = YES;
				GCC_WARN_UNINITIALIZED_AUTOS = YES_AGGRESSIVE;
				GCC_WARN_UNUSED_FUNCTION = YES;
				GCC_WARN_UNUSED_VARIABLE = YES;
				IPHONEOS_DEPLOYMENT_TARGET = 13.2;
				MTL_ENABLE_DEBUG_INFO = INCLUDE_SOURCE;
				MTL_FAST_MATH = YES;
				ONLY_ACTIVE_ARCH = YES;
				SDKROOT = iphoneos;
				SWIFT_ACTIVE_COMPILATION_CONDITIONS = DEBUG;
				SWIFT_OPTIMIZATION_LEVEL = "-Onone";
			};
			name = Debug;
		};
		D3DC685A23BE785800ED2C6A /* Release */ = {
			isa = XCBuildConfiguration;
			buildSettings = {
				ALWAYS_SEARCH_USER_PATHS = NO;
				CLANG_ANALYZER_NONNULL = YES;
				CLANG_ANALYZER_NUMBER_OBJECT_CONVERSION = YES_AGGRESSIVE;
				CLANG_CXX_LANGUAGE_STANDARD = "gnu++14";
				CLANG_CXX_LIBRARY = "libc++";
				CLANG_ENABLE_MODULES = YES;
				CLANG_ENABLE_OBJC_ARC = YES;
				CLANG_ENABLE_OBJC_WEAK = YES;
				CLANG_WARN_BLOCK_CAPTURE_AUTORELEASING = YES;
				CLANG_WARN_BOOL_CONVERSION = YES;
				CLANG_WARN_COMMA = YES;
				CLANG_WARN_CONSTANT_CONVERSION = YES;
				CLANG_WARN_DEPRECATED_OBJC_IMPLEMENTATIONS = YES;
				CLANG_WARN_DIRECT_OBJC_ISA_USAGE = YES_ERROR;
				CLANG_WARN_DOCUMENTATION_COMMENTS = YES;
				CLANG_WARN_EMPTY_BODY = YES;
				CLANG_WARN_ENUM_CONVERSION = YES;
				CLANG_WARN_INFINITE_RECURSION = YES;
				CLANG_WARN_INT_CONVERSION = YES;
				CLANG_WARN_NON_LITERAL_NULL_CONVERSION = YES;
				CLANG_WARN_OBJC_IMPLICIT_RETAIN_SELF = YES;
				CLANG_WARN_OBJC_LITERAL_CONVERSION = YES;
				CLANG_WARN_OBJC_ROOT_CLASS = YES_ERROR;
				CLANG_WARN_RANGE_LOOP_ANALYSIS = YES;
				CLANG_WARN_STRICT_PROTOTYPES = YES;
				CLANG_WARN_SUSPICIOUS_MOVE = YES;
				CLANG_WARN_UNGUARDED_AVAILABILITY = YES_AGGRESSIVE;
				CLANG_WARN_UNREACHABLE_CODE = YES;
				CLANG_WARN__DUPLICATE_METHOD_MATCH = YES;
				COPY_PHASE_STRIP = NO;
				DEBUG_INFORMATION_FORMAT = "dwarf-with-dsym";
				ENABLE_NS_ASSERTIONS = NO;
				ENABLE_STRICT_OBJC_MSGSEND = YES;
				GCC_C_LANGUAGE_STANDARD = gnu11;
				GCC_NO_COMMON_BLOCKS = YES;
				GCC_WARN_64_TO_32_BIT_CONVERSION = YES;
				GCC_WARN_ABOUT_RETURN_TYPE = YES_ERROR;
				GCC_WARN_UNDECLARED_SELECTOR = YES;
				GCC_WARN_UNINITIALIZED_AUTOS = YES_AGGRESSIVE;
				GCC_WARN_UNUSED_FUNCTION = YES;
				GCC_WARN_UNUSED_VARIABLE = YES;
				IPHONEOS_DEPLOYMENT_TARGET = 13.2;
				MTL_ENABLE_DEBUG_INFO = NO;
				MTL_FAST_MATH = YES;
				SDKROOT = iphoneos;
				SWIFT_COMPILATION_MODE = wholemodule;
				SWIFT_OPTIMIZATION_LEVEL = "-O";
				VALIDATE_PRODUCT = YES;
			};
			name = Release;
		};
		D3DC685C23BE785800ED2C6A /* Debug */ = {
			isa = XCBuildConfiguration;
			buildSettings = {
				ASSETCATALOG_COMPILER_APPICON_NAME = AppIcon;
				CODE_SIGN_STYLE = Automatic;
				DEVELOPMENT_TEAM = 6HPN3MZFM4;
				INFOPLIST_FILE = tomato/Info.plist;
				LD_RUNPATH_SEARCH_PATHS = (
					"$(inherited)",
					"@executable_path/Frameworks",
				);
				PRODUCT_BUNDLE_IDENTIFIER = com.shogundigital.tomato;
				PRODUCT_NAME = "$(TARGET_NAME)";
				SWIFT_VERSION = 5.0;
				TARGETED_DEVICE_FAMILY = "1,2";
			};
			name = Debug;
		};
		D3DC685D23BE785800ED2C6A /* Release */ = {
			isa = XCBuildConfiguration;
			buildSettings = {
				ASSETCATALOG_COMPILER_APPICON_NAME = AppIcon;
				CODE_SIGN_STYLE = Automatic;
				DEVELOPMENT_TEAM = 6HPN3MZFM4;
				INFOPLIST_FILE = tomato/Info.plist;
				LD_RUNPATH_SEARCH_PATHS = (
					"$(inherited)",
					"@executable_path/Frameworks",
				);
				PRODUCT_BUNDLE_IDENTIFIER = com.shogundigital.tomato;
				PRODUCT_NAME = "$(TARGET_NAME)";
				SWIFT_VERSION = 5.0;
				TARGETED_DEVICE_FAMILY = "1,2";
			};
			name = Release;
		};
/* End XCBuildConfiguration section */

/* Begin XCConfigurationList section */
		D3DC684223BE785700ED2C6A /* Build configuration list for PBXProject "tomato" */ = {
			isa = XCConfigurationList;
			buildConfigurations = (
				D3DC685923BE785800ED2C6A /* Debug */,
				D3DC685A23BE785800ED2C6A /* Release */,
			);
			defaultConfigurationIsVisible = 0;
			defaultConfigurationName = Release;
		};
		D3DC685B23BE785800ED2C6A /* Build configuration list for PBXNativeTarget "tomato" */ = {
			isa = XCConfigurationList;
			buildConfigurations = (
				D3DC685C23BE785800ED2C6A /* Debug */,
				D3DC685D23BE785800ED2C6A /* Release */,
			);
			defaultConfigurationIsVisible = 0;
			defaultConfigurationName = Release;
		};
/* End XCConfigurationList section */
	};
	rootObject = D3DC683F23BE785700ED2C6A /* Project object */;
}
